{
  "version": 4,
  "terraform_version": "1.9.5",
  "serial": 61,
  "lineage": "6541c3bb-b152-b5de-dbe3-400f1447acd8",
  "outputs": {},
  "resources": [
    {
      "module": "module.mssql",
      "mode": "managed",
      "type": "google_sql_database_instance",
      "name": "default",
      "provider": "provider[\"registry.terraform.io/hashicorp/google-beta\"]",
      "instances": [
        {
          "status": "tainted",
          "schema_version": 0,
          "attributes": {
            "available_maintenance_versions": null,
            "clone": [],
            "connection_name": null,
            "database_version": "SQLSERVER_2017_STANDARD",
            "deletion_protection": false,
            "dns_name": null,
            "encryption_key_name": null,
            "first_ip_address": null,
            "id": "projects/878726209708/instances/tf-mssql-public-efe4c33f",
            "instance_type": "CLOUD_SQL_INSTANCE",
            "ip_address": null,
            "maintenance_version": null,
            "master_instance_name": null,
            "name": "tf-mssql-public-efe4c33f",
            "private_ip_address": null,
            "project": "878726209708",
            "psc_service_attachment_link": null,
            "public_ip_address": null,
            "region": "us-central1",
            "replica_configuration": null,
            "restore_backup_context": [],
            "root_password": "%SCFePkZ",
            "self_link": null,
            "server_ca_cert": null,
            "service_account_email_address": null,
            "settings": [
              {
                "activation_policy": "ALWAYS",
                "active_directory_config": [],
                "advanced_machine_features": [],
                "availability_type": "ZONAL",
                "backup_configuration": [],
                "collation": "",
                "connector_enforcement": "NOT_REQUIRED",
                "data_cache_config": [],
                "database_flags": [],
                "deletion_protection_enabled": false,
                "deny_maintenance_period": [],
                "disk_autoresize": true,
                "disk_autoresize_limit": 0,
                "disk_size": 10,
                "disk_type": "PD_SSD",
                "edition": "ENTERPRISE",
                "enable_dataplex_integration": false,
                "enable_google_ml_integration": false,
                "insights_config": [],
                "ip_configuration": [
                  {
                    "allocated_ip_range": "",
                    "authorized_networks": [],
                    "enable_private_path_for_google_cloud_services": false,
                    "ipv4_enabled": true,
                    "private_network": "",
                    "psc_config": [],
                    "require_ssl": false,
                    "server_ca_mode": "",
                    "ssl_mode": ""
                  }
                ],
                "location_preference": [],
                "maintenance_window": [
                  {
                    "day": 1,
                    "hour": 23,
                    "update_track": "canary"
                  }
                ],
                "password_validation_policy": [],
                "pricing_plan": "PER_USE",
                "sql_server_audit_config": [],
                "tier": "db-custom-2-3840",
                "time_zone": "",
                "user_labels": {},
                "version": 0
              }
            ],
            "timeouts": {
              "create": "30m",
              "delete": "30m",
              "update": "30m"
            }
          },
          "sensitive_attributes": [
            [
              {
                "type": "get_attr",
                "value": "root_password"
              }
            ],
            [
              {
                "type": "get_attr",
                "value": "server_ca_cert"
              }
            ]
          ],
          "private": "eyJlMmJmYjczMC1lY2FhLTExZTYtOGY4OC0zNDM2M2JjN2M0YzAiOnsiY3JlYXRlIjoxODAwMDAwMDAwMDAwLCJkZWxldGUiOjE4MDAwMDAwMDAwMDAsInVwZGF0ZSI6MTgwMDAwMDAwMDAwMH19",
          "dependencies": [
            "module.mssql.null_resource.module_depends_on",
            "module.mssql.random_id.suffix",
            "module.mssql.random_password.root-password"
          ]
        }
      ]
    },
    {
      "module": "module.mssql",
      "mode": "managed",
      "type": "null_resource",
      "name": "module_depends_on",
      "provider": "provider[\"registry.terraform.io/hashicorp/null\"]",
      "instances": [
        {
          "schema_version": 0,
          "attributes": {
            "id": "3062447172040709765",
            "triggers": {
              "value": "0"
            }
          },
          "sensitive_attributes": []
        }
      ]
    },
    {
      "module": "module.mssql",
      "mode": "managed",
      "type": "random_id",
      "name": "suffix",
      "provider": "provider[\"registry.terraform.io/hashicorp/random\"]",
      "instances": [
        {
          "index_key": 0,
          "schema_version": 0,
          "attributes": {
            "b64_std": "7+TDPw==",
            "b64_url": "7-TDPw",
            "byte_length": 4,
            "dec": "4024746815",
            "hex": "efe4c33f",
            "id": "7-TDPw",
            "keepers": null,
            "prefix": null
          },
          "sensitive_attributes": []
        }
      ]
    },
    {
      "module": "module.mssql",
      "mode": "managed",
      "type": "random_password",
      "name": "root-password",
      "provider": "provider[\"registry.terraform.io/hashicorp/random\"]",
      "instances": [
        {
          "schema_version": 3,
          "attributes": {
            "bcrypt_hash": "$2a$10$jNUsK1sYhNNzfABwqTeUPus1pvtt.y7m8Eurtt6rkISPAWQ7WLAti",
            "id": "none",
            "keepers": null,
            "length": 8,
            "lower": true,
            "min_lower": 0,
            "min_numeric": 0,
            "min_special": 0,
            "min_upper": 0,
            "number": true,
            "numeric": true,
            "override_special": null,
            "result": "%SCFePkZ",
            "special": true,
            "upper": true
          },
          "sensitive_attributes": [
            [
              {
                "type": "get_attr",
                "value": "result"
              }
            ],
            [
              {
                "type": "get_attr",
                "value": "bcrypt_hash"
              }
            ]
          ]
        }
      ]
    },
    {
      "module": "module.postgresql-db",
      "mode": "data",
      "type": "google_compute_zones",
      "name": "available",
      "provider": "provider[\"registry.terraform.io/hashicorp/google\"]",
      "instances": []
    }
  ],
  "check_results": [
    {
      "object_kind": "var",
      "config_addr": "module.mssql.var.additional_users",
      "status": "pass",
      "objects": [
        {
          "object_addr": "module.mssql.var.additional_users",
          "status": "pass"
        }
      ]
    }
  ]
}
